
Microsoft Visual Studio Solution File, Format Version 12.00
# Visual Studio 15
Project("{FAE04EC0-301F-11D3-BF4B-00C04F79EFBC}") = "MathBlasterGame", "MathBlasterGame\MathBlasterGame.csproj", "{A084238A-AB2D-4AEB-A552-5C04C1A79A7C}"
EndProject
Project("{FAE04EC0-301F-11D3-BF4B-00C04F79EFBC}") = "Calculator", "Calculator\Calculator.csproj", "{3466BFE8-15E3-4870-94AC-176FD3FECF4E}"
EndProject
Project("{FAE04EC0-301F-11D3-BF4B-00C04F79EFBC}") = "CalculatorTests", "CalculatorTests\CalculatorTests.csproj", "{09A6E55B-5295-4D82-B176-870648B23F4D}"
EndProject
Global
	GlobalSection(SolutionConfigurationPlatforms) = preSolution
		Debug|Any CPU = Debug|Any CPU
		Release|Any CPU = Release|Any CPU
	EndGlobalSection
	GlobalSection(ProjectConfigurationPlatforms) = postSolution
		{A084238A-AB2D-4AEB-A552-5C04C1A79A7C}.Debug|Any CPU.ActiveCfg = Debug|Any CPU
		{A084238A-AB2D-4AEB-A552-5C04C1A79A7C}.Debug|Any CPU.Build.0 = Debug|Any CPU
		{A084238A-AB2D-4AEB-A552-5C04C1A79A7C}.Release|Any CPU.ActiveCfg = Release|Any CPU
		{A084238A-AB2D-4AEB-A552-5C04C1A79A7C}.Release|Any CPU.Build.0 = Release|Any CPU
		{3466BFE8-15E3-4870-94AC-176FD3FECF4E}.Debug|Any CPU.ActiveCfg = Debug|Any CPU
		{3466BFE8-15E3-4870-94AC-176FD3FECF4E}.Debug|Any CPU.Build.0 = Debug|Any CPU
		{3466BFE8-15E3-4870-94AC-176FD3FECF4E}.Release|Any CPU.ActiveCfg = Release|Any CPU
		{3466BFE8-15E3-4870-94AC-176FD3FECF4E}.Release|Any CPU.Build.0 = Release|Any CPU
		{09A6E55B-5295-4D82-B176-870648B23F4D}.Debug|Any CPU.ActiveCfg = Debug|Any CPU
		{09A6E55B-5295-4D82-B176-870648B23F4D}.Debug|Any CPU.Build.0 = Debug|Any CPU
		{09A6E55B-5295-4D82-B176-870648B23F4D}.Release|Any CPU.ActiveCfg = Release|Any CPU
		{09A6E55B-5295-4D82-B176-870648B23F4D}.Release|Any CPU.Build.0 = Release|Any CPU
	EndGlobalSection
EndGlobal
